
Microsoft Visual Studio Solution File, Format Version 12.00
# Visual Studio Version 17
VisualStudioVersion = 17.7.34202.233
MinimumVisualStudioVersion = 10.0.40219.1
Project("{FAE04EC0-301F-11D3-BF4B-00C04F79EFBC}") = "modul1", "modul1\modul1.csproj", "{D61CA59F-8C99-497E-A0F8-522B5A3D0D5C}"
EndProject
Global
	GlobalSection(SolutionConfigurationPlatforms) = preSolution
		Debug|Any CPU = Debug|Any CPU
		Release|Any CPU = Release|Any CPU
	EndGlobalSection
	GlobalSection(ProjectConfigurationPlatforms) = postSolution
		{D61CA59F-8C99-497E-A0F8-522B5A3D0D5C}.Debug|Any CPU.ActiveCfg = Debug|Any CPU
		{D61CA59F-8C99-497E-A0F8-522B5A3D0D5C}.Debug|Any CPU.Build.0 = Debug|Any CPU
		{D61CA59F-8C99-497E-A0F8-522B5A3D0D5C}.Release|Any CPU.ActiveCfg = Release|Any CPU
		{D61CA59F-8C99-497E-A0F8-522B5A3D0D5C}.Release|Any CPU.Build.0 = Release|Any CPU
	EndGlobalSection
	GlobalSection(SolutionProperties) = preSolution
		HideSolutionNode = FALSE
	EndGlobalSection
	GlobalSection(ExtensibilityGlobals) = postSolution
		SolutionGuid = {A003FB48-8B10-432E-907F-0C2A0D0AAEC1}
	EndGlobalSection
EndGlobal
